version = 1
revision = 3
requires-python = ">=3.13"

[[package]]
name = "colorama"
version = "0.4.6"
source = { registry = "https://pypi.org/simple" }
sdist = { url = "https://files.pythonhosted.org/packages/d8/53/6f443c9a4a8358a93a6792e2acffb9d9d5cb0a5cfd8802644b7b1c9a02e4/colorama-0.4.6.tar.gz", hash = "sha256:08695f5cb7ed6e0531a20572697297273c47b8cae5a63ffc6d6ed5c201be6e44", size = 27697, upload-time = "2022-10-25T02:36:22.414Z" }
wheels = [
    { url = "https://files.pythonhosted.org/packages/d1/d6/3965ed04c63042e047cb6a3e6ed1a63a35087b6a609aa3a15ed8ac56c221/colorama-0.4.6-py2.py3-none-any.whl", hash = "sha256:4f1d9991f5acc0ca119f9d443620b77f9d6b33703e51011c16baf57afb285fc6", size = 25335, upload-time = "2022-10-25T02:36:20.889Z" },
]

[[package]]
name = "iniconfig"
version = "2.0.0"
source = { registry = "https://pypi.org/simple" }
sdist = { url = "https://files.pythonhosted.org/packages/d7/4b/cbd8e699e64a6f16ca3a8220661b5f83792b3017d0f79807cb8708d33913/iniconfig-2.0.0.tar.gz", hash = "sha256:2d91e135bf72d31a410b17c16da610a82cb55f6b0477d1a902134b24a455b8b3", size = 4646, upload-time = "2023-01-07T11:08:11.254Z" }
wheels = [
    { url = "https://files.pythonhosted.org/packages/ef/a6/62565a6e1cf69e10f5727360368e451d4b7f58beeac6173dc9db836a5b46/iniconfig-2.0.0-py3-none-any.whl", hash = "sha256:b6a85871a79d2e3b22d2d1b94ac2824226a63c6b741c88f7ae975f18b6778374", size = 5892, upload-time = "2023-01-07T11:08:09.864Z" },
]

[[package]]
name = "librt"
version = "0.7.3"
source = { registry = "https://pypi.org/simple" }
sdist = { url = "https://files.pythonhosted.org/packages/b3/d9/6f3d3fcf5e5543ed8a60cc70fa7d50508ed60b8a10e9af6d2058159ab54e/librt-0.7.3.tar.gz", hash = "sha256:3ec50cf65235ff5c02c5b747748d9222e564ad48597122a361269dd3aa808798", size = 144549, upload-time = "2025-12-06T19:04:45.553Z" }
wheels = [
    { url = "https://files.pythonhosted.org/packages/93/7d/e0ce1837dfb452427db556e6d4c5301ba3b22fe8de318379fbd0593759b9/librt-0.7.3-cp313-cp313-macosx_10_13_x86_64.whl", hash = "sha256:56f2a47beda8409061bc1c865bef2d4bd9ff9255219402c0817e68ab5ad89aed", size = 55742, upload-time = "2025-12-06T19:03:52.459Z" },
    { url = "https://files.pythonhosted.org/packages/be/c0/3564262301e507e1d5cf31c7d84cb12addf0d35e05ba53312494a2eba9a4/librt-0.7.3-cp313-cp313-macosx_11_0_arm64.whl", hash = "sha256:14569ac5dd38cfccf0a14597a88038fb16811a6fede25c67b79c6d50fc2c8fdc", size = 57163, upload-time = "2025-12-06T19:03:53.516Z" },
    { url = "https://files.pythonhosted.org/packages/be/ac/245e72b7e443d24a562f6047563c7f59833384053073ef9410476f68505b/librt-0.7.3-cp313-cp313-manylinux1_i686.manylinux_2_28_i686.manylinux_2_5_i686.whl", hash = "sha256:6038ccbd5968325a5d6fd393cf6e00b622a8de545f0994b89dd0f748dcf3e19e", size = 165840, upload-time = "2025-12-06T19:03:54.918Z" },
    { url = "https://files.pythonhosted.org/packages/98/af/587e4491f40adba066ba39a450c66bad794c8d92094f936a201bfc7c2b5f/librt-0.7.3-cp313-cp313-manylinux2014_aarch64.manylinux_2_17_aarch64.manylinux_2_28_aarch64.whl", hash = "sha256:d39079379a9a28e74f4d57dc6357fa310a1977b51ff12239d7271ec7e71d67f5", size = 174827, upload-time = "2025-12-06T19:03:56.082Z" },
    { url = "https://files.pythonhosted.org/packages/78/21/5b8c60ea208bc83dd00421022a3874330685d7e856404128dc3728d5d1af/librt-0.7.3-cp313-cp313-manylinux2014_x86_64.manylinux_2_17_x86_64.manylinux_2_28_x86_64.whl", hash = "sha256:8837d5a52a2d7aa9f4c3220a8484013aed1d8ad75240d9a75ede63709ef89055", size = 189612, upload-time = "2025-12-06T19:03:57.507Z" },
    { url = "https://files.pythonhosted.org/packages/da/2f/8b819169ef696421fb81cd04c6cdf225f6e96f197366001e9d45180d7e9e/librt-0.7.3-cp313-cp313-musllinux_1_2_aarch64.whl", hash = "sha256:399bbd7bcc1633c3e356ae274a1deb8781c7bf84d9c7962cc1ae0c6e87837292", size = 184584, upload-time = "2025-12-06T19:03:58.686Z" },
    { url = "https://files.pythonhosted.org/packages/6c/fc/af9d225a9395b77bd7678362cb055d0b8139c2018c37665de110ca388022/librt-0.7.3-cp313-cp313-musllinux_1_2_i686.whl", hash = "sha256:8d8cf653e798ee4c4e654062b633db36984a1572f68c3aa25e364a0ddfbbb910", size = 178269, upload-time = "2025-12-06T19:03:59.769Z" },
    { url = "https://files.pythonhosted.org/packages/6c/d8/7b4fa1683b772966749d5683aa3fd605813defffe157833a8fa69cc89207/librt-0.7.3-cp313-cp313-musllinux_1_2_x86_64.whl", hash = "sha256:2f03484b54bf4ae80ab2e504a8d99d20d551bfe64a7ec91e218010b467d77093", size = 199852, upload-time = "2025-12-06T19:04:00.901Z" },
    { url = "https://files.pythonhosted.org/packages/77/e8/4598413aece46ca38d9260ef6c51534bd5f34b5c21474fcf210ce3a02123/librt-0.7.3-cp313-cp313-win32.whl", hash = "sha256:44b3689b040df57f492e02cd4f0bacd1b42c5400e4b8048160c9d5e866de8abe", size = 47936, upload-time = "2025-12-06T19:04:02.054Z" },
    { url = "https://files.pythonhosted.org/packages/af/80/ac0e92d5ef8c6791b3e2c62373863827a279265e0935acdf807901353b0e/librt-0.7.3-cp313-cp313-win_amd64.whl", hash = "sha256:6b407c23f16ccc36614c136251d6b32bf30de7a57f8e782378f1107be008ddb0", size = 54965, upload-time = "2025-12-06T19:04:03.224Z" },
    { url = "https://files.pythonhosted.org/packages/f1/fd/042f823fcbff25c1449bb4203a29919891ca74141b68d3a5f6612c4ce283/librt-0.7.3-cp313-cp313-win_arm64.whl", hash = "sha256:abfc57cab3c53c4546aee31859ef06753bfc136c9d208129bad23e2eca39155a", size = 48350, upload-time = "2025-12-06T19:04:04.234Z" },
    { url = "https://files.pythonhosted.org/packages/3e/ae/c6ecc7bb97134a71b5241e8855d39964c0e5f4d96558f0d60593892806d2/librt-0.7.3-cp314-cp314-macosx_10_13_x86_64.whl", hash = "sha256:120dd21d46ff875e849f1aae19346223cf15656be489242fe884036b23d39e93", size = 55175, upload-time = "2025-12-06T19:04:05.308Z" },
    { url = "https://files.pythonhosted.org/packages/cf/bc/2cc0cb0ab787b39aa5c7645cd792433c875982bdf12dccca558b89624594/librt-0.7.3-cp314-cp314-macosx_11_0_arm64.whl", hash = "sha256:1617bea5ab31266e152871208502ee943cb349c224846928a1173c864261375e", size = 56881, upload-time = "2025-12-06T19:04:06.674Z" },
    { url = "https://files.pythonhosted.org/packages/8e/87/397417a386190b70f5bf26fcedbaa1515f19dce33366e2684c6b7ee83086/librt-0.7.3-cp314-cp314-manylinux1_i686.manylinux_2_28_i686.manylinux_2_5_i686.whl", hash = "sha256:93b2a1f325fefa1482516ced160c8c7b4b8d53226763fa6c93d151fa25164207", size = 163710, upload-time = "2025-12-06T19:04:08.437Z" },
    { url = "https://files.pythonhosted.org/packages/c9/37/7338f85b80e8a17525d941211451199845093ca242b32efbf01df8531e72/librt-0.7.3-cp314-cp314-manylinux2014_aarch64.manylinux_2_17_aarch64.manylinux_2_28_aarch64.whl", hash = "sha256:f3d4801db8354436fd3936531e7f0e4feb411f62433a6b6cb32bb416e20b529f", size = 172471, upload-time = "2025-12-06T19:04:10.124Z" },
    { url = "https://files.pythonhosted.org/packages/3b/e0/741704edabbfae2c852fedc1b40d9ed5a783c70ed3ed8e4fe98f84b25d13/librt-0.7.3-cp314-cp314-manylinux2014_x86_64.manylinux_2_17_x86_64.manylinux_2_28_x86_64.whl", hash = "sha256:11ad45122bbed42cfc8b0597450660126ef28fd2d9ae1a219bc5af8406f95678", size = 186804, upload-time = "2025-12-06T19:04:11.586Z" },
    { url = "https://files.pythonhosted.org/packages/f4/d1/0a82129d6ba242f3be9af34815be089f35051bc79619f5c27d2c449ecef6/librt-0.7.3-cp314-cp314-musllinux_1_2_aarch64.whl", hash = "sha256:6b4e7bff1d76dd2b46443078519dc75df1b5e01562345f0bb740cea5266d8218", size = 181817, upload-time = "2025-12-06T19:04:12.802Z" },
    { url = "https://files.pythonhosted.org/packages/4f/32/704f80bcf9979c68d4357c46f2af788fbf9d5edda9e7de5786ed2255e911/librt-0.7.3-cp314-cp314-musllinux_1_2_i686.whl", hash = "sha256:d86f94743a11873317094326456b23f8a5788bad9161fd2f0e52088c33564620", size = 175602, upload-time = "2025-12-06T19:04:14.004Z" },
    { url = "https://files.pythonhosted.org/packages/f7/6d/4355cfa0fae0c062ba72f541d13db5bc575770125a7ad3d4f46f4109d305/librt-0.7.3-cp314-cp314-musllinux_1_2_x86_64.whl", hash = "sha256:754a0d09997095ad764ccef050dd5bf26cbf457aab9effcba5890dad081d879e", size = 196497, upload-time = "2025-12-06T19:04:15.487Z" },
    { url = "https://files.pythonhosted.org/packages/2e/eb/ac6d8517d44209e5a712fde46f26d0055e3e8969f24d715f70bd36056230/librt-0.7.3-cp314-cp314-win32.whl", hash = "sha256:fbd7351d43b80d9c64c3cfcb50008f786cc82cba0450e8599fdd64f264320bd3", size = 44678, upload-time = "2025-12-06T19:04:16.688Z" },
    { url = "https://files.pythonhosted.org/packages/e9/93/238f026d141faf9958da588c761a0812a1a21c98cc54a76f3608454e4e59/librt-0.7.3-cp314-cp314-win_amd64.whl", hash = "sha256:d376a35c6561e81d2590506804b428fc1075fcc6298fc5bb49b771534c0ba010", size = 51689, upload-time = "2025-12-06T19:04:17.726Z" },
    { url = "https://files.pythonhosted.org/packages/52/44/43f462ad9dcf9ed7d3172fe2e30d77b980956250bd90e9889a9cca93df2a/librt-0.7.3-cp314-cp314-win_arm64.whl", hash = "sha256:cbdb3f337c88b43c3b49ca377731912c101178be91cb5071aac48faa898e6f8e", size = 44662, upload-time = "2025-12-06T19:04:18.771Z" },
    { url = "https://files.pythonhosted.org/packages/1d/35/fed6348915f96b7323241de97f26e2af481e95183b34991df12fd5ce31b1/librt-0.7.3-cp314-cp314t-macosx_10_13_x86_64.whl", hash = "sha256:9f0e0927efe87cd42ad600628e595a1a0aa1c64f6d0b55f7e6059079a428641a", size = 57347, upload-time = "2025-12-06T19:04:19.812Z" },
    { url = "https://files.pythonhosted.org/packages/9a/f2/045383ccc83e3fea4fba1b761796584bc26817b6b2efb6b8a6731431d16f/librt-0.7.3-cp314-cp314t-macosx_11_0_arm64.whl", hash = "sha256:020c6db391268bcc8ce75105cb572df8cb659a43fd347366aaa407c366e5117a", size = 59223, upload-time = "2025-12-06T19:04:20.862Z" },
    { url = "https://files.pythonhosted.org/packages/77/3f/c081f8455ab1d7f4a10dbe58463ff97119272ff32494f21839c3b9029c2c/librt-0.7.3-cp314-cp314t-manylinux1_i686.manylinux_2_28_i686.manylinux_2_5_i686.whl", hash = "sha256:7af7785f5edd1f418da09a8cdb9ec84b0213e23d597413e06525340bcce1ea4f", size = 183861, upload-time = "2025-12-06T19:04:21.963Z" },
    { url = "https://files.pythonhosted.org/packages/1d/f5/73c5093c22c31fbeaebc25168837f05ebfd8bf26ce00855ef97a5308f36f/librt-0.7.3-cp314-cp314t-manylinux2014_aarch64.manylinux_2_17_aarch64.manylinux_2_28_aarch64.whl", hash = "sha256:8ccadf260bb46a61b9c7e89e2218f6efea9f3eeaaab4e3d1f58571890e54858e", size = 194594, upload-time = "2025-12-06T19:04:23.14Z" },
    { url = "https://files.pythonhosted.org/packages/78/b8/d5f17d4afe16612a4a94abfded94c16c5a033f183074fb130dfe56fc1a42/librt-0.7.3-cp314-cp314t-manylinux2014_x86_64.manylinux_2_17_x86_64.manylinux_2_28_x86_64.whl", hash = "sha256:d9883b2d819ce83f87ba82a746c81d14ada78784db431e57cc9719179847376e", size = 206759, upload-time = "2025-12-06T19:04:24.328Z" },
    { url = "https://files.pythonhosted.org/packages/36/2e/021765c1be85ee23ffd5b5b968bb4cba7526a4db2a0fc27dcafbdfc32da7/librt-0.7.3-cp314-cp314t-musllinux_1_2_aarch64.whl", hash = "sha256:59cb0470612d21fa1efddfa0dd710756b50d9c7fb6c1236bbf8ef8529331dc70", size = 203210, upload-time = "2025-12-06T19:04:25.544Z" },
    { url = "https://files.pythonhosted.org/packages/77/f0/9923656e42da4fd18c594bd08cf6d7e152d4158f8b808e210d967f0dcceb/librt-0.7.3-cp314-cp314t-musllinux_1_2_i686.whl", hash = "sha256:1fe603877e1865b5fd047a5e40379509a4a60204aa7aa0f72b16f7a41c3f0712", size = 196708, upload-time = "2025-12-06T19:04:26.725Z" },
    { url = "https://files.pythonhosted.org/packages/fc/0b/0708b886ac760e64d6fbe7e16024e4be3ad1a3629d19489a97e9cf4c3431/librt-0.7.3-cp314-cp314t-musllinux_1_2_x86_64.whl", hash = "sha256:5460d99ed30f043595bbdc888f542bad2caeb6226b01c33cda3ae444e8f82d42", size = 217212, upload-time = "2025-12-06T19:04:27.892Z" },
    { url = "https://files.pythonhosted.org/packages/5d/7f/12a73ff17bca4351e73d585dd9ebf46723c4a8622c4af7fe11a2e2d011ff/librt-0.7.3-cp314-cp314t-win32.whl", hash = "sha256:d09f677693328503c9e492e33e9601464297c01f9ebd966ea8fc5308f3069bfd", size = 45586, upload-time = "2025-12-06T19:04:29.116Z" },
    { url = "https://files.pythonhosted.org/packages/e2/df/8decd032ac9b995e4f5606cde783711a71094128d88d97a52e397daf2c89/librt-0.7.3-cp314-cp314t-win_amd64.whl", hash = "sha256:25711f364c64cab2c910a0247e90b51421e45dbc8910ceeb4eac97a9e132fc6f", size = 53002, upload-time = "2025-12-06T19:04:30.173Z" },
    { url = "https://files.pythonhosted.org/packages/de/0c/6605b6199de8178afe7efc77ca1d8e6db00453bc1d3349d27605c0f42104/librt-0.7.3-cp314-cp314t-win_arm64.whl", hash = "sha256:a9f9b661f82693eb56beb0605156c7fca57f535704ab91837405913417d6990b", size = 45647, upload-time = "2025-12-06T19:04:31.302Z" },
]

[[package]]
name = "mypy"
version = "1.19.1"
source = { registry = "https://pypi.org/simple" }
dependencies = [
    { name = "librt", marker = "platform_python_implementation != 'PyPy'" },
    { name = "mypy-extensions" },
    { name = "pathspec" },
    { name = "typing-extensions" },
]
sdist = { url = "https://files.pythonhosted.org/packages/f5/db/4efed9504bc01309ab9c2da7e352cc223569f05478012b5d9ece38fd44d2/mypy-1.19.1.tar.gz", hash = "sha256:19d88bb05303fe63f71dd2c6270daca27cb9401c4ca8255fe50d1d920e0eb9ba", size = 3582404, upload-time = "2025-12-15T05:03:48.42Z" }
wheels = [
    { url = "https://files.pythonhosted.org/packages/de/9f/a6abae693f7a0c697dbb435aac52e958dc8da44e92e08ba88d2e42326176/mypy-1.19.1-cp313-cp313-macosx_10_13_x86_64.whl", hash = "sha256:e3157c7594ff2ef1634ee058aafc56a82db665c9438fd41b390f3bde1ab12250", size = 13201927, upload-time = "2025-12-15T05:02:29.138Z" },
    { url = "https://files.pythonhosted.org/packages/9a/a4/45c35ccf6e1c65afc23a069f50e2c66f46bd3798cbe0d680c12d12935caa/mypy-1.19.1-cp313-cp313-macosx_11_0_arm64.whl", hash = "sha256:bdb12f69bcc02700c2b47e070238f42cb87f18c0bc1fc4cdb4fb2bc5fd7a3b8b", size = 12206730, upload-time = "2025-12-15T05:03:01.325Z" },
    { url = "https://files.pythonhosted.org/packages/05/bb/cdcf89678e26b187650512620eec8368fded4cfd99cfcb431e4cdfd19dec/mypy-1.19.1-cp313-cp313-manylinux2014_aarch64.manylinux_2_17_aarch64.manylinux_2_28_aarch64.whl", hash = "sha256:f859fb09d9583a985be9a493d5cfc5515b56b08f7447759a0c5deaf68d80506e", size = 12724581, upload-time = "2025-12-15T05:03:20.087Z" },
    { url = "https://files.pythonhosted.org/packages/d1/32/dd260d52babf67bad8e6770f8e1102021877ce0edea106e72df5626bb0ec/mypy-1.19.1-cp313-cp313-manylinux2014_x86_64.manylinux_2_17_x86_64.manylinux_2_28_x86_64.whl", hash = "sha256:c9a6538e0415310aad77cb94004ca6482330fece18036b5f360b62c45814c4ef", size = 13616252, upload-time = "2025-12-15T05:02:49.036Z" },
    { url = "https://files.pythonhosted.org/packages/71/d0/5e60a9d2e3bd48432ae2b454b7ef2b62a960ab51292b1eda2a95edd78198/mypy-1.19.1-cp313-cp313-musllinux_1_2_x86_64.whl", hash = "sha256:da4869fc5e7f62a88f3fe0b5c919d1d9f7ea3cef92d3689de2823fd27e40aa75", size = 13840848, upload-time = "2025-12-15T05:02:55.95Z" },
    { url = "https://files.pythonhosted.org/packages/98/76/d32051fa65ecf6cc8c6610956473abdc9b4c43301107476ac03559507843/mypy-1.19.1-cp313-cp313-win_amd64.whl", hash = "sha256:016f2246209095e8eda7538944daa1d60e1e8134d98983b9fc1e92c1fc0cb8dd", size = 10135510, upload-time = "2025-12-15T05:02:58.438Z" },
    { url = "https://files.pythonhosted.org/packages/de/eb/b83e75f4c820c4247a58580ef86fcd35165028f191e7e1ba57128c52782d/mypy-1.19.1-cp314-cp314-macosx_10_15_x86_64.whl", hash = "sha256:06e6170bd5836770e8104c8fdd58e5e725cfeb309f0a6c681a811f557e97eac1", size = 13199744, upload-time = "2025-12-15T05:03:30.823Z" },
    { url = "https://files.pythonhosted.org/packages/94/28/52785ab7bfa165f87fcbb61547a93f98bb20e7f82f90f165a1f69bce7b3d/mypy-1.19.1-cp314-cp314-macosx_11_0_arm64.whl", hash = "sha256:804bd67b8054a85447c8954215a906d6eff9cabeabe493fb6334b24f4bfff718", size = 12215815, upload-time = "2025-12-15T05:02:42.323Z" },
    { url = "https://files.pythonhosted.org/packages/0a/c6/bdd60774a0dbfb05122e3e925f2e9e846c009e479dcec4821dad881f5b52/mypy-1.19.1-cp314-cp314-manylinux2014_aarch64.manylinux_2_17_aarch64.manylinux_2_28_aarch64.whl", hash = "sha256:21761006a7f497cb0d4de3d8ef4ca70532256688b0523eee02baf9eec895e27b", size = 12740047, upload-time = "2025-12-15T05:03:33.168Z" },
    { url = "https://files.pythonhosted.org/packages/32/2a/66ba933fe6c76bd40d1fe916a83f04fed253152f451a877520b3c4a5e41e/mypy-1.19.1-cp314-cp314-manylinux2014_x86_64.manylinux_2_17_x86_64.manylinux_2_28_x86_64.whl", hash = "sha256:28902ee51f12e0f19e1e16fbe2f8f06b6637f482c459dd393efddd0ec7f82045", size = 13601998, upload-time = "2025-12-15T05:03:13.056Z" },
    { url = "https://files.pythonhosted.org/packages/e3/da/5055c63e377c5c2418760411fd6a63ee2b96cf95397259038756c042574f/mypy-1.19.1-cp314-cp314-musllinux_1_2_x86_64.whl", hash = "sha256:481daf36a4c443332e2ae9c137dfee878fcea781a2e3f895d54bd3002a900957", size = 13807476, upload-time = "2025-12-15T05:03:17.977Z" },
    { url = "https://files.pythonhosted.org/packages/cd/09/4ebd873390a063176f06b0dbf1f7783dd87bd120eae7727fa4ae4179b685/mypy-1.19.1-cp314-cp314-win_amd64.whl", hash = "sha256:8bb5c6f6d043655e055be9b542aa5f3bdd30e4f3589163e85f93f3640060509f", size = 10281872, upload-time = "2025-12-15T05:03:05.549Z" },
    { url = "https://files.pythonhosted.org/packages/8d/f4/4ce9a05ce5ded1de3ec1c1d96cf9f9504a04e54ce0ed55cfa38619a32b8d/mypy-1.19.1-py3-none-any.whl", hash = "sha256:f1235f5ea01b7db5468d53ece6aaddf1ad0b88d9e7462b86ef96fe04995d7247", size = 2471239, upload-time = "2025-12-15T05:03:07.248Z" },
]

[[package]]
name = "mypy-extensions"
version = "1.0.0"
source = { registry = "https://pypi.org/simple" }
sdist = { url = "https://files.pythonhosted.org/packages/98/a4/1ab47638b92648243faf97a5aeb6ea83059cc3624972ab6b8d2316078d3f/mypy_extensions-1.0.0.tar.gz", hash = "sha256:75dbf8955dc00442a438fc4d0666508a9a97b6bd41aa2f0ffe9d2f2725af0782", size = 4433, upload-time = "2023-02-04T12:11:27.157Z" }
wheels = [
    { url = "https://files.pythonhosted.org/packages/2a/e2/5d3f6ada4297caebe1a2add3b126fe800c96f56dbe5d1988a2cbe0b267aa/mypy_extensions-1.0.0-py3-none-any.whl", hash = "sha256:4392f6c0eb8a5668a69e23d168ffa70f0be9ccfd32b5cc2d26a34ae5b844552d", size = 4695, upload-time = "2023-02-04T12:11:25.002Z" },
]

[[package]]
name = "packaging"
version = "24.2"
source = { registry = "https://pypi.org/simple" }
sdist = { url = "https://files.pythonhosted.org/packages/d0/63/68dbb6eb2de9cb10ee4c9c14a0148804425e13c4fb20d61cce69f53106da/packaging-24.2.tar.gz", hash = "sha256:c228a6dc5e932d346bc5739379109d49e8853dd8223571c7c5b55260edc0b97f", size = 163950, upload-time = "2024-11-08T09:47:47.202Z" }
wheels = [
    { url = "https://files.pythonhosted.org/packages/88/ef/eb23f262cca3c0c4eb7ab1933c3b1f03d021f2c48f54763065b6f0e321be/packaging-24.2-py3-none-any.whl", hash = "sha256:09abb1bccd265c01f4a3aa3f7a7db064b36514d2cba19a2f694fe6150451a759", size = 65451, upload-time = "2024-11-08T09:47:44.722Z" },
]

[[package]]
name = "pathspec"
version = "0.12.1"
source = { registry = "https://pypi.org/simple" }
sdist = { url = "https://files.pythonhosted.org/packages/ca/bc/f35b8446f4531a7cb215605d100cd88b7ac6f44ab3fc94870c120ab3adbf/pathspec-0.12.1.tar.gz", hash = "sha256:a482d51503a1ab33b1c67a6c3813a26953dbdc71c31dacaef9a838c4e29f5712", size = 51043, upload-time = "2023-12-10T22:30:45Z" }
wheels = [
    { url = "https://files.pythonhosted.org/packages/cc/20/ff623b09d963f88bfde16306a54e12ee5ea43e9b597108672ff3a408aad6/pathspec-0.12.1-py3-none-any.whl", hash = "sha256:a0d503e138a4c123b27490a4f7beda6a01c6f288df0e4a8b79c7eb0dc7b4cc08", size = 31191, upload-time = "2023-12-10T22:30:43.14Z" },
]

[[package]]
name = "pluggy"
version = "1.5.0"
source = { registry = "https://pypi.org/simple" }
sdist = { url = "https://files.pythonhosted.org/packages/96/2d/02d4312c973c6050a18b314a5ad0b3210edb65a906f868e31c111dede4a6/pluggy-1.5.0.tar.gz", hash = "sha256:2cffa88e94fdc978c4c574f15f9e59b7f4201d439195c3715ca9e2486f1d0cf1", size = 67955, upload-time = "2024-04-20T21:34:42.531Z" }
wheels = [
    { url = "https://files.pythonhosted.org/packages/88/5f/e351af9a41f866ac3f1fac4ca0613908d9a41741cfcf2228f4ad853b697d/pluggy-1.5.0-py3-none-any.whl", hash = "sha256:44e1ad92c8ca002de6377e165f3e0f1be63266ab4d554740532335b9d75ea669", size = 20556, upload-time = "2024-04-20T21:34:40.434Z" },
]

[[package]]
name = "pygments"
version = "2.19.2"
source = { registry = "https://pypi.org/simple" }
sdist = { url = "https://files.pythonhosted.org/packages/b0/77/a5b8c569bf593b0140bde72ea885a803b82086995367bf2037de0159d924/pygments-2.19.2.tar.gz", hash = "sha256:636cb2477cec7f8952536970bc533bc43743542f70392ae026374600add5b887", size = 4968631, upload-time = "2025-06-21T13:39:12.283Z" }
wheels = [
    { url = "https://files.pythonhosted.org/packages/c7/21/705964c7812476f378728bdf590ca4b771ec72385c533964653c68e86bdc/pygments-2.19.2-py3-none-any.whl", hash = "sha256:86540386c03d588bb81d44bc3928634ff26449851e99741617ecb9037ee5ec0b", size = 1225217, upload-time = "2025-06-21T13:39:07.939Z" },
]

[[package]]
name = "pytest"
version = "9.0.2"
source = { registry = "https://pypi.org/simple" }
dependencies = [
    { name = "colorama", marker = "sys_platform == 'win32'" },
    { name = "iniconfig" },
    { name = "packaging" },
    { name = "pluggy" },
    { name = "pygments" },
]
sdist = { url = "https://files.pythonhosted.org/packages/d1/db/7ef3487e0fb0049ddb5ce41d3a49c235bf9ad299b6a25d5780a89f19230f/pytest-9.0.2.tar.gz", hash = "sha256:75186651a92bd89611d1d9fc20f0b4345fd827c41ccd5c299a868a05d70edf11", size = 1568901, upload-time = "2025-12-06T21:30:51.014Z" }
wheels = [
    { url = "https://files.pythonhosted.org/packages/3b/ab/b3226f0bd7cdcf710fbede2b3548584366da3b19b5021e74f5bde2a8fa3f/pytest-9.0.2-py3-none-any.whl", hash = "sha256:711ffd45bf766d5264d487b917733b453d917afd2b0ad65223959f59089f875b", size = 374801, upload-time = "2025-12-06T21:30:49.154Z" },
]

[[package]]
name = "ruff"
version = "0.14.8"
source = { registry = "https://pypi.org/simple" }
sdist = { url = "https://files.pythonhosted.org/packages/ed/d9/f7a0c4b3a2bf2556cd5d99b05372c29980249ef71e8e32669ba77428c82c/ruff-0.14.8.tar.gz", hash = "sha256:774ed0dd87d6ce925e3b8496feb3a00ac564bea52b9feb551ecd17e0a23d1eed", size = 5765385, upload-time = "2025-12-04T15:06:17.669Z" }
wheels = [
    { url = "https://files.pythonhosted.org/packages/48/b8/9537b52010134b1d2b72870cc3f92d5fb759394094741b09ceccae183fbe/ruff-0.14.8-py3-none-linux_armv6l.whl", hash = "sha256:ec071e9c82eca417f6111fd39f7043acb53cd3fde9b1f95bbed745962e345afb", size = 13441540, upload-time = "2025-12-04T15:06:14.896Z" },
    { url = "https://files.pythonhosted.org/packages/24/00/99031684efb025829713682012b6dd37279b1f695ed1b01725f85fd94b38/ruff-0.14.8-py3-none-macosx_10_12_x86_64.whl", hash = "sha256:8cdb162a7159f4ca36ce980a18c43d8f036966e7f73f866ac8f493b75e0c27e9", size = 13669384, upload-time = "2025-12-04T15:06:51.809Z" },
    { url = "https://files.pythonhosted.org/packages/72/64/3eb5949169fc19c50c04f28ece2c189d3b6edd57e5b533649dae6ca484fe/ruff-0.14.8-py3-none-macosx_11_0_arm64.whl", hash = "sha256:2e2fcbefe91f9fad0916850edf0854530c15bd1926b6b779de47e9ab619ea38f", size = 12806917, upload-time = "2025-12-04T15:06:08.925Z" },
    { url = "https://files.pythonhosted.org/packages/c4/08/5250babb0b1b11910f470370ec0cbc67470231f7cdc033cee57d4976f941/ruff-0.14.8-py3-none-manylinux_2_17_aarch64.manylinux2014_aarch64.whl", hash = "sha256:a9d70721066a296f45786ec31916dc287b44040f553da21564de0ab4d45a869b", size = 13256112, upload-time = "2025-12-04T15:06:23.498Z" },
    { url = "https://files.pythonhosted.org/packages/78/4c/6c588e97a8e8c2d4b522c31a579e1df2b4d003eddfbe23d1f262b1a431ff/ruff-0.14.8-py3-none-manylinux_2_17_armv7l.manylinux2014_armv7l.whl", hash = "sha256:2c87e09b3cd9d126fc67a9ecd3b5b1d3ded2b9c7fce3f16e315346b9d05cfb52", size = 13227559, upload-time = "2025-12-04T15:06:33.432Z" },
    { url = "https://files.pythonhosted.org/packages/23/ce/5f78cea13eda8eceac71b5f6fa6e9223df9b87bb2c1891c166d1f0dce9f1/ruff-0.14.8-py3-none-manylinux_2_17_i686.manylinux2014_i686.whl", hash = "sha256:1d62cb310c4fbcb9ee4ac023fe17f984ae1e12b8a4a02e3d21489f9a2a5f730c", size = 13896379, upload-time = "2025-12-04T15:06:02.687Z" },
    { url = "https://files.pythonhosted.org/packages/cf/79/13de4517c4dadce9218a20035b21212a4c180e009507731f0d3b3f5df85a/ruff-0.14.8-py3-none-manylinux_2_17_ppc64.manylinux2014_ppc64.whl", hash = "sha256:1af35c2d62633d4da0521178e8a2641c636d2a7153da0bac1b30cfd4ccd91344", size = 15372786, upload-time = "2025-12-04T15:06:29.828Z" },
    { url = "https://files.pythonhosted.org/packages/00/06/33df72b3bb42be8a1c3815fd4fae83fa2945fc725a25d87ba3e42d1cc108/ruff-0.14.8-py3-none-manylinux_2_17_ppc64le.manylinux2014_ppc64le.whl", hash = "sha256:25add4575ffecc53d60eed3f24b1e934493631b48ebbc6ebaf9d8517924aca4b", size = 14990029, upload-time = "2025-12-04T15:06:36.812Z" },
    { url = "https://files.pythonhosted.org/packages/64/61/0f34927bd90925880394de0e081ce1afab66d7b3525336f5771dcf0cb46c/ruff-0.14.8-py3-none-manylinux_2_17_s390x.manylinux2014_s390x.whl", hash = "sha256:4c943d847b7f02f7db4201a0600ea7d244d8a404fbb639b439e987edcf2baf9a", size = 14407037, upload-time = "2025-12-04T15:06:39.979Z" },
    { url = "https://files.pythonhosted.org/packages/96/bc/058fe0aefc0fbf0d19614cb6d1a3e2c048f7dc77ca64957f33b12cfdc5ef/ruff-0.14.8-py3-none-manylinux_2_17_x86_64.manylinux2014_x86_64.whl", hash = "sha256:cb6e8bf7b4f627548daa1b69283dac5a296bfe9ce856703b03130732e20ddfe2", size = 14102390, upload-time = "2025-12-04T15:06:46.372Z" },
    { url = "https://files.pythonhosted.org/packages/af/a4/e4f77b02b804546f4c17e8b37a524c27012dd6ff05855d2243b49a7d3cb9/ruff-0.14.8-py3-none-manylinux_2_31_riscv64.whl", hash = "sha256:7aaf2974f378e6b01d1e257c6948207aec6a9b5ba53fab23d0182efb887a0e4a", size = 14230793, upload-time = "2025-12-04T15:06:20.497Z" },
    { url = "https://files.pythonhosted.org/packages/3f/52/bb8c02373f79552e8d087cedaffad76b8892033d2876c2498a2582f09dcf/ruff-0.14.8-py3-none-musllinux_1_2_aarch64.whl", hash = "sha256:e5758ca513c43ad8a4ef13f0f081f80f08008f410790f3611a21a92421ab045b", size = 13160039, upload-time = "2025-12-04T15:06:49.06Z" },
    { url = "https://files.pythonhosted.org/packages/1f/ad/b69d6962e477842e25c0b11622548df746290cc6d76f9e0f4ed7456c2c31/ruff-0.14.8-py3-none-musllinux_1_2_armv7l.whl", hash = "sha256:f74f7ba163b6e85a8d81a590363bf71618847e5078d90827749bfda1d88c9cdf", size = 13205158, upload-time = "2025-12-04T15:06:54.574Z" },
    { url = "https://files.pythonhosted.org/packages/06/63/54f23da1315c0b3dfc1bc03fbc34e10378918a20c0b0f086418734e57e74/ruff-0.14.8-py3-none-musllinux_1_2_i686.whl", hash = "sha256:eed28f6fafcc9591994c42254f5a5c5ca40e69a30721d2ab18bb0bb3baac3ab6", size = 13469550, upload-time = "2025-12-04T15:05:59.209Z" },
    { url = "https://files.pythonhosted.org/packages/70/7d/a4d7b1961e4903bc37fffb7ddcfaa7beb250f67d97cfd1ee1d5cddb1ec90/ruff-0.14.8-py3-none-musllinux_1_2_x86_64.whl", hash = "sha256:21d48fa744c9d1cb8d71eb0a740c4dd02751a5de9db9a730a8ef75ca34cf138e", size = 14211332, upload-time = "2025-12-04T15:06:06.027Z" },
    { url = "https://files.pythonhosted.org/packages/5d/93/2a5063341fa17054e5c86582136e9895db773e3c2ffb770dde50a09f35f0/ruff-0.14.8-py3-none-win32.whl", hash = "sha256:15f04cb45c051159baebb0f0037f404f1dc2f15a927418f29730f411a79bc4e7", size = 13151890, upload-time = "2025-12-04T15:06:11.668Z" },
    { url = "https://files.pythonhosted.org/packages/02/1c/65c61a0859c0add13a3e1cbb6024b42de587456a43006ca2d4fd3d1618fe/ruff-0.14.8-py3-none-win_amd64.whl", hash = "sha256:9eeb0b24242b5bbff3011409a739929f497f3fb5fe3b5698aba5e77e8c833097", size = 14537826, upload-time = "2025-12-04T15:06:26.409Z" },
    { url = "https://files.pythonhosted.org/packages/6d/63/8b41cea3afd7f58eb64ac9251668ee0073789a3bc9ac6f816c8c6fef986d/ruff-0.14.8-py3-none-win_arm64.whl", hash = "sha256:965a582c93c63fe715fd3e3f8aa37c4b776777203d8e1d8aa3cc0c14424a4b99", size = 13634522, upload-time = "2025-12-04T15:06:43.212Z" },
]

[[package]]
name = "template"
version = "0.0.0"
source = { virtual = "." }

[package.optional-dependencies]
dev = [
    { name = "mypy" },
    { name = "ruff" },
]
test = [
    { name = "pytest" },
]

[package.metadata]
requires-dist = [
    { name = "mypy", marker = "extra == 'dev'" },
    { name = "pytest", marker = "extra == 'test'" },
    { name = "ruff", marker = "extra == 'dev'" },
]
provides-extras = ["test", "dev"]

[[package]]
name = "typing-extensions"
version = "4.12.2"
source = { registry = "https://pypi.org/simple" }
sdist = { url = "https://files.pythonhosted.org/packages/df/db/f35a00659bc03fec321ba8bce9420de607a1d37f8342eee1863174c69557/typing_extensions-4.12.2.tar.gz", hash = "sha256:1a7ead55c7e559dd4dee8856e3a88b41225abfe1ce8df57b7c13915fe121ffb8", size = 85321, upload-time = "2024-06-07T18:52:15.995Z" }
wheels = [
    { url = "https://files.pythonhosted.org/packages/26/9f/ad63fc0248c5379346306f8668cda6e2e2e9c95e01216d2b8ffd9ff037d0/typing_extensions-4.12.2-py3-none-any.whl", hash = "sha256:04e5ca0351e0f3f85c6853954072df659d0d13fac324d0072316b67d7794700d", size = 37438, upload-time = "2024-06-07T18:52:13.582Z" },
]
